{
  "nodes": {
    "bpf": {
      "inputs": {
        "nixpkgs": [
          "nixpkgs"
        ],
        "treefmt-nix": [
          "treefmt-nix"
        ]
      },
      "locked": {
        "lastModified": 1780336500,
        "narHash": "sha256-emG8CU8KecLuLprrGYMhFenCrZbaF16qyc4bTejP6wo=",
        "ref": "refs/heads/main",
        "rev": "a1d90dd123d4ff73ee7d97f694f0c13ede866958",
        "revCount": 41,
        "type": "git",
        "url": "ssh://git@binarybears-notes.ru:2424/tools/bpf.git"
      },
      "original": {
        "type": "git",
        "url": "ssh://git@binarybears-notes.ru:2424/tools/bpf.git"
      }
    },
    "disko": {
      "inputs": {
        "nixpkgs": [
          "nixpkgs"
        ]
      },
      "locked": {
        "lastModified": 1781152676,
        "narHash": "sha256-RxWs5ND31KzTG7wvMM+PMfUjyNpmIEr999lqNARaM5o=",
        "owner": "nix-community",
        "repo": "disko",
        "rev": "ff8702b4de27f72b4c78573dfb89ec74e36abdf1",
        "type": "github"
      },
      "original": {
        "owner": "nix-community",
        "repo": "disko",
        "type": "github"
      }
    },
    "home-manager": {
      "inputs": {
        "nixpkgs": [
          "nixpkgs"
        ]
      },
      "locked": {
        "lastModified": 1781129616,
        "narHash": "sha256-Hl0Pz/QIKpePSU7SdK3BMe5VNmUhFvfWyg57GyawxzE=",
        "owner": "nix-community",
        "repo": "home-manager",
        "rev": "7dbd305f8b81050f223f00bcfbc8a6b74e048806",
        "type": "github"
      },
      "original": {
        "owner": "nix-community",
        "repo": "home-manager",
        "type": "github"
      }
    },
    "ipoc": {
      "inputs": {
        "nixpkgs": [
          "nixpkgs"
        ],
        "treefmt-nix": [
          "treefmt-nix"
        ]
      },
      "locked": {
        "lastModified": 1774956960,
        "narHash": "sha256-wtAGOEf7qENnpxcxlzwaZT+AmqQXxtJ/pUTUk45SW2Y=",
        "ref": "refs/heads/main",
        "rev": "184800ceffe64919cd403860d85a9cd90ffb4a11",
        "revCount": 6,
        "type": "git",
        "url": "ssh://git@binarybears-notes.ru:2424/tools/ida-pro-on-crack.git"
      },
      "original": {
        "type": "git",
        "url": "ssh://git@binarybears-notes.ru:2424/tools/ida-pro-on-crack.git"
      }
    },
    "nixpkgs": {
      "locked": {
        "lastModified": 1780749050,
        "narHash": "sha256-3av0pIjlOWQ6rDbNOmpUSvbNnJkGORQKKjb4LtCZsIY=",
        "owner": "nixos",
        "repo": "nixpkgs",
        "rev": "a799d3e3886da994fa307f817a6bc705ae538eeb",
        "type": "github"
      },
      "original": {
        "owner": "nixos",
        "ref": "nixos-unstable",
        "repo": "nixpkgs",
        "type": "github"
      }
    },
    "nixpkgs_2": {
      "locked": {
        "lastModified": 1770107345,
        "narHash": "sha256-tbS0Ebx2PiA1FRW8mt8oejR0qMXmziJmPaU1d4kYY9g=",
        "owner": "nixos",
        "repo": "nixpkgs",
        "rev": "4533d9293756b63904b7238acb84ac8fe4c8c2c4",
        "type": "github"
      },
      "original": {
        "owner": "nixos",
        "ref": "nixpkgs-unstable",
        "repo": "nixpkgs",
        "type": "github"
      }
    },
    "root": {
      "inputs": {
        "bpf": "bpf",
        "disko": "disko",
        "home-manager": "home-manager",
        "ipoc": "ipoc",
        "nixpkgs": "nixpkgs",
        "secrets": "secrets",
        "treefmt-nix": "treefmt-nix"
      }
    },
    "secrets": {
      "locked": {
        "lastModified": 1781106462,
        "narHash": "sha256-sLVCX6cWvoJt/rbs2Xz8BpQEfZpo92qekCh+sksdJZw=",
        "path": "/nix-secrets",
        "type": "path"
      },
      "original": {
        "path": "/nix-secrets",
        "type": "path"
      }
    },
    "treefmt-nix": {
      "inputs": {
        "nixpkgs": "nixpkgs_2"
      },
      "locked": {
        "lastModified": 1780220602,
        "narHash": "sha256-eynAfOmbmxJnkp7YewvCEbShNnnYJ9gLLqkzsYtBPeM=",
        "owner": "numtide",
        "repo": "treefmt-nix",
        "rev": "db947814a175b7ca6ded66e21383d938df01c227",
        "type": "github"
      },
      "original": {
        "owner": "numtide",
        "repo": "treefmt-nix",
        "type": "github"
      }
    }
  },
  "root": "root",
  "version": 7
}
